// !$*UTF8*$!
{
	archiveVersion = 1;
	classes = {
	};
	objectVersion = 50;
	objects = {

/* Begin PBXBuildFile section */
		C509975A218B3704001DD8B6 /* PSDissolve.cpp in Sources */ = {isa = PBXBuildFile; fileRef = C5099758218B3704001DD8B6 /* PSDissolve.cpp */; };
		C509975B218B3704001DD8B6 /* PSDissolve.hpp in Headers */ = {isa = PBXBuildFile; fileRef = C5099759218B3704001DD8B6 /* PSDissolve.hpp */; };
		C509975D218BF7E1001DD8B6 /* PSDefine.hpp in Headers */ = {isa = PBXBuildFile; fileRef = C509975C218BF7E1001DD8B6 /* PSDefine.hpp */; };
		C5099761218BFC2B001DD8B6 /* PSDarken.cpp in Sources */ = {isa = PBXBuildFile; fileRef = C509975F218BFC2B001DD8B6 /* PSDarken.cpp */; };
		C5099762218BFC2B001DD8B6 /* PSDarken.hpp in Headers */ = {isa = PBXBuildFile; fileRef = C5099760218BFC2B001DD8B6 /* PSDarken.hpp */; };
		C5099765218BFE56001DD8B6 /* PSLighten.cpp in Sources */ = {isa = PBXBuildFile; fileRef = C5099763218BFE56001DD8B6 /* PSLighten.cpp */; };
		C5099766218BFE56001DD8B6 /* PSLighten.hpp in Headers */ = {isa = PBXBuildFile; fileRef = C5099764218BFE56001DD8B6 /* PSLighten.hpp */; };
		C5099769218C1CAD001DD8B6 /* PSLinearBurn.cpp in Sources */ = {isa = PBXBuildFile; fileRef = C5099767218C1CAD001DD8B6 /* PSLinearBurn.cpp */; };
		C509976A218C1CAD001DD8B6 /* PSLinearBurn.hpp in Headers */ = {isa = PBXBuildFile; fileRef = C5099768218C1CAD001DD8B6 /* PSLinearBurn.hpp */; };
		C509976D218C2291001DD8B6 /* PSLinearDodge.cpp in Sources */ = {isa = PBXBuildFile; fileRef = C509976B218C2291001DD8B6 /* PSLinearDodge.cpp */; };
		C509976E218C2291001DD8B6 /* PSLinearDodge.hpp in Headers */ = {isa = PBXBuildFile; fileRef = C509976C218C2291001DD8B6 /* PSLinearDodge.hpp */; };
		C5099771218C24B8001DD8B6 /* PSColorBurn.cpp in Sources */ = {isa = PBXBuildFile; fileRef = C509976F218C24B8001DD8B6 /* PSColorBurn.cpp */; };
		C5099772218C24B8001DD8B6 /* PSColorBurn.hpp in Headers */ = {isa = PBXBuildFile; fileRef = C5099770218C24B8001DD8B6 /* PSColorBurn.hpp */; };
		C5099775218C3164001DD8B6 /* PSColorDodge.cpp in Sources */ = {isa = PBXBuildFile; fileRef = C5099773218C3164001DD8B6 /* PSColorDodge.cpp */; };
		C5099776218C3164001DD8B6 /* PSColorDodge.hpp in Headers */ = {isa = PBXBuildFile; fileRef = C5099774218C3164001DD8B6 /* PSColorDodge.hpp */; };
		C5099779218C334B001DD8B6 /* PSMultiply.cpp in Sources */ = {isa = PBXBuildFile; fileRef = C5099777218C334B001DD8B6 /* PSMultiply.cpp */; };
		C509977A218C334B001DD8B6 /* PSMultiply.hpp in Headers */ = {isa = PBXBuildFile; fileRef = C5099778218C334B001DD8B6 /* PSMultiply.hpp */; };
		C509977D218C34DB001DD8B6 /* PSScreen.cpp in Sources */ = {isa = PBXBuildFile; fileRef = C509977B218C34DB001DD8B6 /* PSScreen.cpp */; };
		C509977E218C34DB001DD8B6 /* PSScreen.hpp in Headers */ = {isa = PBXBuildFile; fileRef = C509977C218C34DB001DD8B6 /* PSScreen.hpp */; };
		C5099781218C3A66001DD8B6 /* PSOverlay.cpp in Sources */ = {isa = PBXBuildFile; fileRef = C509977F218C3A66001DD8B6 /* PSOverlay.cpp */; };
		C5099782218C3A66001DD8B6 /* PSOverlay.hpp in Headers */ = {isa = PBXBuildFile; fileRef = C5099780218C3A66001DD8B6 /* PSOverlay.hpp */; };
		C5099785218C4509001DD8B6 /* PSSoftLight.cpp in Sources */ = {isa = PBXBuildFile; fileRef = C5099783218C4509001DD8B6 /* PSSoftLight.cpp */; };
		C5099786218C4509001DD8B6 /* PSSoftLight.hpp in Headers */ = {isa = PBXBuildFile; fileRef = C5099784218C4509001DD8B6 /* PSSoftLight.hpp */; };
		C5099789218C6CE1001DD8B6 /* PSHardLight.cpp in Sources */ = {isa = PBXBuildFile; fileRef = C5099787218C6CE1001DD8B6 /* PSHardLight.cpp */; };
		C509978A218C6CE1001DD8B6 /* PSHardLight.hpp in Headers */ = {isa = PBXBuildFile; fileRef = C5099788218C6CE1001DD8B6 /* PSHardLight.hpp */; };
		C509978D218C6FF4001DD8B6 /* PSVividLight.cpp in Sources */ = {isa = PBXBuildFile; fileRef = C509978B218C6FF4001DD8B6 /* PSVividLight.cpp */; };
		C509978E218C6FF4001DD8B6 /* PSVividLight.hpp in Headers */ = {isa = PBXBuildFile; fileRef = C509978C218C6FF4001DD8B6 /* PSVividLight.hpp */; };
		C5099791218C7FBA001DD8B6 /* PSPinLight.cpp in Sources */ = {isa = PBXBuildFile; fileRef = C509978F218C7FBA001DD8B6 /* PSPinLight.cpp */; };
		C5099792218C7FBA001DD8B6 /* PSPinLight.hpp in Headers */ = {isa = PBXBuildFile; fileRef = C5099790218C7FBA001DD8B6 /* PSPinLight.hpp */; };
		C5099795218C8377001DD8B6 /* PSLinearLight.cpp in Sources */ = {isa = PBXBuildFile; fileRef = C5099793218C8377001DD8B6 /* PSLinearLight.cpp */; };
		C5099796218C8377001DD8B6 /* PSLinearLight.hpp in Headers */ = {isa = PBXBuildFile; fileRef = C5099794218C8377001DD8B6 /* PSLinearLight.hpp */; };
		C5099799218C85A6001DD8B6 /* PSHardMix.cpp in Sources */ = {isa = PBXBuildFile; fileRef = C5099797218C85A6001DD8B6 /* PSHardMix.cpp */; };
		C509979A218C85A6001DD8B6 /* PSHardMix.hpp in Headers */ = {isa = PBXBuildFile; fileRef = C5099798218C85A6001DD8B6 /* PSHardMix.hpp */; };
		C569BC6121EC988900A09BAC /* BlendResource in Resources */ = {isa = PBXBuildFile; fileRef = C569BC6021EC988900A09BAC /* BlendResource */; };
		C56B75322189E29F00480AE7 /* ImageLoader.cpp in Sources */ = {isa = PBXBuildFile; fileRef = C56B75302189E29E00480AE7 /* ImageLoader.cpp */; };
		C56B753B218A9B7400480AE7 /* AppDelegate.m in Sources */ = {isa = PBXBuildFile; fileRef = C56B753A218A9B7400480AE7 /* AppDelegate.m */; };
		C56B753E218A9B7400480AE7 /* ViewController.mm in Sources */ = {isa = PBXBuildFile; fileRef = C56B753D218A9B7400480AE7 /* ViewController.mm */; };
		C56B7541218A9B7400480AE7 /* Main.storyboard in Resources */ = {isa = PBXBuildFile; fileRef = C56B753F218A9B7400480AE7 /* Main.storyboard */; };
		C56B7543218A9B7500480AE7 /* Assets.xcassets in Resources */ = {isa = PBXBuildFile; fileRef = C56B7542218A9B7500480AE7 /* Assets.xcassets */; };
		C56B7546218A9B7500480AE7 /* LaunchScreen.storyboard in Resources */ = {isa = PBXBuildFile; fileRef = C56B7544218A9B7500480AE7 /* LaunchScreen.storyboard */; };
		C56B7549218A9B7500480AE7 /* main.m in Sources */ = {isa = PBXBuildFile; fileRef = C56B7548218A9B7500480AE7 /* main.m */; };
		C56B754E218A9C3800480AE7 /* Resource in Resources */ = {isa = PBXBuildFile; fileRef = C56B754D218A9C3800480AE7 /* Resource */; };
		C56B7551218A9F0A00480AE7 /* UIImage+ImageData.mm in Sources */ = {isa = PBXBuildFile; fileRef = C56B754F218A9F0A00480AE7 /* UIImage+ImageData.mm */; };
		C56B7555218AA2CE00480AE7 /* libImageAlgorithmBase.a in Frameworks */ = {isa = PBXBuildFile; fileRef = C56B75202189E0A600480AE7 /* libImageAlgorithmBase.a */; };
		C56B7557218AA30A00480AE7 /* ImageLoader.hpp in Headers */ = {isa = PBXBuildFile; fileRef = C56B75312189E29F00480AE7 /* ImageLoader.hpp */; settings = {ATTRIBUTES = (Public, ); }; };
		C56B7558218AA31300480AE7 /* ImageLoader.hpp in CopyFiles */ = {isa = PBXBuildFile; fileRef = C56B75312189E29F00480AE7 /* ImageLoader.hpp */; };
		C57353E6218FD6220047DB06 /* PSDarkerColor.cpp in Sources */ = {isa = PBXBuildFile; fileRef = C57353E4218FD6220047DB06 /* PSDarkerColor.cpp */; };
		C57353E7218FD6220047DB06 /* PSDarkerColor.hpp in Headers */ = {isa = PBXBuildFile; fileRef = C57353E5218FD6220047DB06 /* PSDarkerColor.hpp */; };
		C57353EA218FD8610047DB06 /* PSLighterColor.cpp in Sources */ = {isa = PBXBuildFile; fileRef = C57353E8218FD8610047DB06 /* PSLighterColor.cpp */; };
		C57353EB218FD8610047DB06 /* PSLighterColor.hpp in Headers */ = {isa = PBXBuildFile; fileRef = C57353E9218FD8610047DB06 /* PSLighterColor.hpp */; };
		C57353EE218FDB680047DB06 /* PSDifference.cpp in Sources */ = {isa = PBXBuildFile; fileRef = C57353EC218FDB670047DB06 /* PSDifference.cpp */; };
		C57353EF218FDB680047DB06 /* PSDifference.hpp in Headers */ = {isa = PBXBuildFile; fileRef = C57353ED218FDB680047DB06 /* PSDifference.hpp */; };
		C57353F3218FE7920047DB06 /* PSExclusion.cpp in Sources */ = {isa = PBXBuildFile; fileRef = C57353F1218FE7920047DB06 /* PSExclusion.cpp */; };
		C57353F4218FE7920047DB06 /* PSExclusion.hpp in Headers */ = {isa = PBXBuildFile; fileRef = C57353F2218FE7920047DB06 /* PSExclusion.hpp */; };
		C58B355221ED79280026F45C /* PSBlendType.hpp in Headers */ = {isa = PBXBuildFile; fileRef = C58B355121ED79280026F45C /* PSBlendType.hpp */; };
		C58B355521ED7E590026F45C /* PSBlend.cpp in Sources */ = {isa = PBXBuildFile; fileRef = C58B355321ED7E590026F45C /* PSBlend.cpp */; };
		C58B355621ED7E590026F45C /* PSBlend.hpp in Headers */ = {isa = PBXBuildFile; fileRef = C58B355421ED7E590026F45C /* PSBlend.hpp */; };
/* End PBXBuildFile section */

/* Begin PBXContainerItemProxy section */
		C56B7552218AA2CA00480AE7 /* PBXContainerItemProxy */ = {
			isa = PBXContainerItemProxy;
			containerPortal = C56B75182189E0A600480AE7 /* Project object */;
			proxyType = 1;
			remoteGlobalIDString = C56B751F2189E0A600480AE7;
			remoteInfo = ImageAlgorithmBase;
		};
/* End PBXContainerItemProxy section */

/* Begin PBXCopyFilesBuildPhase section */
		C56B751E2189E0A600480AE7 /* CopyFiles */ = {
			isa = PBXCopyFilesBuildPhase;
			buildActionMask = 2147483647;
			dstPath = "include/$(PRODUCT_NAME)";
			dstSubfolderSpec = 16;
			files = (
				C56B7558218AA31300480AE7 /* ImageLoader.hpp in CopyFiles */,
			);
			runOnlyForDeploymentPostprocessing = 0;
		};
/* End PBXCopyFilesBuildPhase section */

/* Begin PBXFileReference section */
		C5099758218B3704001DD8B6 /* PSDissolve.cpp */ = {isa = PBXFileReference; lastKnownFileType = sourcecode.cpp.cpp; path = PSDissolve.cpp; sourceTree = "<group>"; };
		C5099759218B3704001DD8B6 /* PSDissolve.hpp */ = {isa = PBXFileReference; lastKnownFileType = sourcecode.cpp.h; path = PSDissolve.hpp; sourceTree = "<group>"; };
		C509975C218BF7E1001DD8B6 /* PSDefine.hpp */ = {isa = PBXFileReference; lastKnownFileType = sourcecode.cpp.h; path = PSDefine.hpp; sourceTree = "<group>"; };
		C509975F218BFC2B001DD8B6 /* PSDarken.cpp */ = {isa = PBXFileReference; lastKnownFileType = sourcecode.cpp.cpp; path = PSDarken.cpp; sourceTree = "<group>"; };
		C5099760218BFC2B001DD8B6 /* PSDarken.hpp */ = {isa = PBXFileReference; lastKnownFileType = sourcecode.cpp.h; path = PSDarken.hpp; sourceTree = "<group>"; };
		C5099763218BFE56001DD8B6 /* PSLighten.cpp */ = {isa = PBXFileReference; lastKnownFileType = sourcecode.cpp.cpp; path = PSLighten.cpp; sourceTree = "<group>"; };
		C5099764218BFE56001DD8B6 /* PSLighten.hpp */ = {isa = PBXFileReference; lastKnownFileType = sourcecode.cpp.h; path = PSLighten.hpp; sourceTree = "<group>"; };
		C5099767218C1CAD001DD8B6 /* PSLinearBurn.cpp */ = {isa = PBXFileReference; lastKnownFileType = sourcecode.cpp.cpp; path = PSLinearBurn.cpp; sourceTree = "<group>"; };
		C5099768218C1CAD001DD8B6 /* PSLinearBurn.hpp */ = {isa = PBXFileReference; lastKnownFileType = sourcecode.cpp.h; path = PSLinearBurn.hpp; sourceTree = "<group>"; };
		C509976B218C2291001DD8B6 /* PSLinearDodge.cpp */ = {isa = PBXFileReference; lastKnownFileType = sourcecode.cpp.cpp; path = PSLinearDodge.cpp; sourceTree = "<group>"; };
		C509976C218C2291001DD8B6 /* PSLinearDodge.hpp */ = {isa = PBXFileReference; lastKnownFileType = sourcecode.cpp.h; path = PSLinearDodge.hpp; sourceTree = "<group>"; };
		C509976F218C24B8001DD8B6 /* PSColorBurn.cpp */ = {isa = PBXFileReference; lastKnownFileType = sourcecode.cpp.cpp; path = PSColorBurn.cpp; sourceTree = "<group>"; };
		C5099770218C24B8001DD8B6 /* PSColorBurn.hpp */ = {isa = PBXFileReference; lastKnownFileType = sourcecode.cpp.h; path = PSColorBurn.hpp; sourceTree = "<group>"; };
		C5099773218C3164001DD8B6 /* PSColorDodge.cpp */ = {isa = PBXFileReference; lastKnownFileType = sourcecode.cpp.cpp; path = PSColorDodge.cpp; sourceTree = "<group>"; };
		C5099774218C3164001DD8B6 /* PSColorDodge.hpp */ = {isa = PBXFileReference; lastKnownFileType = sourcecode.cpp.h; path = PSColorDodge.hpp; sourceTree = "<group>"; };
		C5099777218C334B001DD8B6 /* PSMultiply.cpp */ = {isa = PBXFileReference; lastKnownFileType = sourcecode.cpp.cpp; path = PSMultiply.cpp; sourceTree = "<group>"; };
		C5099778218C334B001DD8B6 /* PSMultiply.hpp */ = {isa = PBXFileReference; lastKnownFileType = sourcecode.cpp.h; path = PSMultiply.hpp; sourceTree = "<group>"; };
		C509977B218C34DB001DD8B6 /* PSScreen.cpp */ = {isa = PBXFileReference; lastKnownFileType = sourcecode.cpp.cpp; path = PSScreen.cpp; sourceTree = "<group>"; };
		C509977C218C34DB001DD8B6 /* PSScreen.hpp */ = {isa = PBXFileReference; lastKnownFileType = sourcecode.cpp.h; path = PSScreen.hpp; sourceTree = "<group>"; };
		C509977F218C3A66001DD8B6 /* PSOverlay.cpp */ = {isa = PBXFileReference; lastKnownFileType = sourcecode.cpp.cpp; path = PSOverlay.cpp; sourceTree = "<group>"; };
		C5099780218C3A66001DD8B6 /* PSOverlay.hpp */ = {isa = PBXFileReference; lastKnownFileType = sourcecode.cpp.h; path = PSOverlay.hpp; sourceTree = "<group>"; };
		C5099783218C4509001DD8B6 /* PSSoftLight.cpp */ = {isa = PBXFileReference; lastKnownFileType = sourcecode.cpp.cpp; path = PSSoftLight.cpp; sourceTree = "<group>"; };
		C5099784218C4509001DD8B6 /* PSSoftLight.hpp */ = {isa = PBXFileReference; lastKnownFileType = sourcecode.cpp.h; path = PSSoftLight.hpp; sourceTree = "<group>"; };
		C5099787218C6CE1001DD8B6 /* PSHardLight.cpp */ = {isa = PBXFileReference; lastKnownFileType = sourcecode.cpp.cpp; path = PSHardLight.cpp; sourceTree = "<group>"; };
		C5099788218C6CE1001DD8B6 /* PSHardLight.hpp */ = {isa = PBXFileReference; lastKnownFileType = sourcecode.cpp.h; path = PSHardLight.hpp; sourceTree = "<group>"; };
		C509978B218C6FF4001DD8B6 /* PSVividLight.cpp */ = {isa = PBXFileReference; lastKnownFileType = sourcecode.cpp.cpp; path = PSVividLight.cpp; sourceTree = "<group>"; };
		C509978C218C6FF4001DD8B6 /* PSVividLight.hpp */ = {isa = PBXFileReference; lastKnownFileType = sourcecode.cpp.h; path = PSVividLight.hpp; sourceTree = "<group>"; };
		C509978F218C7FBA001DD8B6 /* PSPinLight.cpp */ = {isa = PBXFileReference; lastKnownFileType = sourcecode.cpp.cpp; path = PSPinLight.cpp; sourceTree = "<group>"; };
		C5099790218C7FBA001DD8B6 /* PSPinLight.hpp */ = {isa = PBXFileReference; lastKnownFileType = sourcecode.cpp.h; path = PSPinLight.hpp; sourceTree = "<group>"; };
		C5099793218C8377001DD8B6 /* PSLinearLight.cpp */ = {isa = PBXFileReference; lastKnownFileType = sourcecode.cpp.cpp; path = PSLinearLight.cpp; sourceTree = "<group>"; };
		C5099794218C8377001DD8B6 /* PSLinearLight.hpp */ = {isa = PBXFileReference; lastKnownFileType = sourcecode.cpp.h; path = PSLinearLight.hpp; sourceTree = "<group>"; };
		C5099797218C85A6001DD8B6 /* PSHardMix.cpp */ = {isa = PBXFileReference; lastKnownFileType = sourcecode.cpp.cpp; path = PSHardMix.cpp; sourceTree = "<group>"; };
		C5099798218C85A6001DD8B6 /* PSHardMix.hpp */ = {isa = PBXFileReference; lastKnownFileType = sourcecode.cpp.h; path = PSHardMix.hpp; sourceTree = "<group>"; };
		C569BC6021EC988900A09BAC /* BlendResource */ = {isa = PBXFileReference; lastKnownFileType = folder; path = BlendResource; sourceTree = "<group>"; };
		C56B75202189E0A600480AE7 /* libImageAlgorithmBase.a */ = {isa = PBXFileReference; explicitFileType = archive.ar; includeInIndex = 0; path = libImageAlgorithmBase.a; sourceTree = BUILT_PRODUCTS_DIR; };
		C56B752E2189E28000480AE7 /* stb_image_write.h */ = {isa = PBXFileReference; fileEncoding = 4; lastKnownFileType = sourcecode.c.h; path = stb_image_write.h; sourceTree = "<group>"; };
		C56B752F2189E28000480AE7 /* stb_image.h */ = {isa = PBXFileReference; fileEncoding = 4; lastKnownFileType = sourcecode.c.h; path = stb_image.h; sourceTree = "<group>"; };
		C56B75302189E29E00480AE7 /* ImageLoader.cpp */ = {isa = PBXFileReference; lastKnownFileType = sourcecode.cpp.cpp; path = ImageLoader.cpp; sourceTree = "<group>"; };
		C56B75312189E29F00480AE7 /* ImageLoader.hpp */ = {isa = PBXFileReference; lastKnownFileType = sourcecode.cpp.h; path = ImageLoader.hpp; sourceTree = "<group>"; };
		C56B7537218A9B7400480AE7 /* Demo.app */ = {isa = PBXFileReference; explicitFileType = wrapper.application; includeInIndex = 0; path = Demo.app; sourceTree = BUILT_PRODUCTS_DIR; };
		C56B7539218A9B7400480AE7 /* AppDelegate.h */ = {isa = PBXFileReference; lastKnownFileType = sourcecode.c.h; path = AppDelegate.h; sourceTree = "<group>"; };
		C56B753A218A9B7400480AE7 /* AppDelegate.m */ = {isa = PBXFileReference; lastKnownFileType = sourcecode.c.objc; path = AppDelegate.m; sourceTree = "<group>"; };
		C56B753C218A9B7400480AE7 /* ViewController.h */ = {isa = PBXFileReference; lastKnownFileType = sourcecode.c.h; path = ViewController.h; sourceTree = "<group>"; };
		C56B753D218A9B7400480AE7 /* ViewController.mm */ = {isa = PBXFileReference; lastKnownFileType = sourcecode.cpp.objcpp; path = ViewController.mm; sourceTree = "<group>"; };
		C56B7540218A9B7400480AE7 /* Base */ = {isa = PBXFileReference; lastKnownFileType = file.storyboard; name = Base; path = Base.lproj/Main.storyboard; sourceTree = "<group>"; };
		C56B7542218A9B7500480AE7 /* Assets.xcassets */ = {isa = PBXFileReference; lastKnownFileType = folder.assetcatalog; path = Assets.xcassets; sourceTree = "<group>"; };
		C56B7545218A9B7500480AE7 /* Base */ = {isa = PBXFileReference; lastKnownFileType = file.storyboard; name = Base; path = Base.lproj/LaunchScreen.storyboard; sourceTree = "<group>"; };
		C56B7547218A9B7500480AE7 /* Info.plist */ = {isa = PBXFileReference; lastKnownFileType = text.plist.xml; path = Info.plist; sourceTree = "<group>"; };
		C56B7548218A9B7500480AE7 /* main.m */ = {isa = PBXFileReference; lastKnownFileType = sourcecode.c.objc; path = main.m; sourceTree = "<group>"; };
		C56B754D218A9C3800480AE7 /* Resource */ = {isa = PBXFileReference; lastKnownFileType = folder; path = Resource; sourceTree = "<group>"; };
		C56B754F218A9F0A00480AE7 /* UIImage+ImageData.mm */ = {isa = PBXFileReference; fileEncoding = 4; lastKnownFileType = sourcecode.cpp.objcpp; path = "UIImage+ImageData.mm"; sourceTree = "<group>"; };
		C56B7550218A9F0A00480AE7 /* UIImage+ImageData.h */ = {isa = PBXFileReference; fileEncoding = 4; lastKnownFileType = sourcecode.c.h; path = "UIImage+ImageData.h"; sourceTree = "<group>"; };
		C57353E4218FD6220047DB06 /* PSDarkerColor.cpp */ = {isa = PBXFileReference; lastKnownFileType = sourcecode.cpp.cpp; path = PSDarkerColor.cpp; sourceTree = "<group>"; };
		C57353E5218FD6220047DB06 /* PSDarkerColor.hpp */ = {isa = PBXFileReference; lastKnownFileType = sourcecode.cpp.h; path = PSDarkerColor.hpp; sourceTree = "<group>"; };
		C57353E8218FD8610047DB06 /* PSLighterColor.cpp */ = {isa = PBXFileReference; lastKnownFileType = sourcecode.cpp.cpp; path = PSLighterColor.cpp; sourceTree = "<group>"; };
		C57353E9218FD8610047DB06 /* PSLighterColor.hpp */ = {isa = PBXFileReference; lastKnownFileType = sourcecode.cpp.h; path = PSLighterColor.hpp; sourceTree = "<group>"; };
		C57353EC218FDB670047DB06 /* PSDifference.cpp */ = {isa = PBXFileReference; lastKnownFileType = sourcecode.cpp.cpp; path = PSDifference.cpp; sourceTree = "<group>"; };
		C57353ED218FDB680047DB06 /* PSDifference.hpp */ = {isa = PBXFileReference; lastKnownFileType = sourcecode.cpp.h; path = PSDifference.hpp; sourceTree = "<group>"; };
		C57353F1218FE7920047DB06 /* PSExclusion.cpp */ = {isa = PBXFileReference; lastKnownFileType = sourcecode.cpp.cpp; path = PSExclusion.cpp; sourceTree = "<group>"; };
		C57353F2218FE7920047DB06 /* PSExclusion.hpp */ = {isa = PBXFileReference; lastKnownFileType = sourcecode.cpp.h; path = PSExclusion.hpp; sourceTree = "<group>"; };
		C58B355121ED79280026F45C /* PSBlendType.hpp */ = {isa = PBXFileReference; lastKnownFileType = sourcecode.cpp.h; path = PSBlendType.hpp; sourceTree = "<group>"; };
		C58B355321ED7E590026F45C /* PSBlend.cpp */ = {isa = PBXFileReference; lastKnownFileType = sourcecode.cpp.cpp; path = PSBlend.cpp; sourceTree = "<group>"; };
		C58B355421ED7E590026F45C /* PSBlend.hpp */ = {isa = PBXFileReference; lastKnownFileType = sourcecode.cpp.h; path = PSBlend.hpp; sourceTree = "<group>"; };
/* End PBXFileReference section */

/* Begin PBXFrameworksBuildPhase section */
		C56B751D2189E0A600480AE7 /* Frameworks */ = {
			isa = PBXFrameworksBuildPhase;
			buildActionMask = 2147483647;
			files = (
			);
			runOnlyForDeploymentPostprocessing = 0;
		};
		C56B7534218A9B7400480AE7 /* Frameworks */ = {
			isa = PBXFrameworksBuildPhase;
			buildActionMask = 2147483647;
			files = (
				C56B7555218AA2CE00480AE7 /* libImageAlgorithmBase.a in Frameworks */,
			);
			runOnlyForDeploymentPostprocessing = 0;
		};
/* End PBXFrameworksBuildPhase section */

/* Begin PBXGroup section */
		C5099757218B36CD001DD8B6 /* Blend */ = {
			isa = PBXGroup;
			children = (
				C509975C218BF7E1001DD8B6 /* PSDefine.hpp */,
				C5099758218B3704001DD8B6 /* PSDissolve.cpp */,
				C5099759218B3704001DD8B6 /* PSDissolve.hpp */,
				C509975F218BFC2B001DD8B6 /* PSDarken.cpp */,
				C5099760218BFC2B001DD8B6 /* PSDarken.hpp */,
				C5099763218BFE56001DD8B6 /* PSLighten.cpp */,
				C5099764218BFE56001DD8B6 /* PSLighten.hpp */,
				C5099767218C1CAD001DD8B6 /* PSLinearBurn.cpp */,
				C5099768218C1CAD001DD8B6 /* PSLinearBurn.hpp */,
				C509976B218C2291001DD8B6 /* PSLinearDodge.cpp */,
				C509976C218C2291001DD8B6 /* PSLinearDodge.hpp */,
				C509976F218C24B8001DD8B6 /* PSColorBurn.cpp */,
				C5099770218C24B8001DD8B6 /* PSColorBurn.hpp */,
				C5099773218C3164001DD8B6 /* PSColorDodge.cpp */,
				C5099774218C3164001DD8B6 /* PSColorDodge.hpp */,
				C5099777218C334B001DD8B6 /* PSMultiply.cpp */,
				C5099778218C334B001DD8B6 /* PSMultiply.hpp */,
				C509977B218C34DB001DD8B6 /* PSScreen.cpp */,
				C509977C218C34DB001DD8B6 /* PSScreen.hpp */,
				C509977F218C3A66001DD8B6 /* PSOverlay.cpp */,
				C5099780218C3A66001DD8B6 /* PSOverlay.hpp */,
				C5099783218C4509001DD8B6 /* PSSoftLight.cpp */,
				C5099784218C4509001DD8B6 /* PSSoftLight.hpp */,
				C5099787218C6CE1001DD8B6 /* PSHardLight.cpp */,
				C5099788218C6CE1001DD8B6 /* PSHardLight.hpp */,
				C509978B218C6FF4001DD8B6 /* PSVividLight.cpp */,
				C509978C218C6FF4001DD8B6 /* PSVividLight.hpp */,
				C509978F218C7FBA001DD8B6 /* PSPinLight.cpp */,
				C5099790218C7FBA001DD8B6 /* PSPinLight.hpp */,
				C5099793218C8377001DD8B6 /* PSLinearLight.cpp */,
				C5099794218C8377001DD8B6 /* PSLinearLight.hpp */,
				C5099797218C85A6001DD8B6 /* PSHardMix.cpp */,
				C5099798218C85A6001DD8B6 /* PSHardMix.hpp */,
				C57353E4218FD6220047DB06 /* PSDarkerColor.cpp */,
				C57353E5218FD6220047DB06 /* PSDarkerColor.hpp */,
				C57353E8218FD8610047DB06 /* PSLighterColor.cpp */,
				C57353E9218FD8610047DB06 /* PSLighterColor.hpp */,
				C57353EC218FDB670047DB06 /* PSDifference.cpp */,
				C57353ED218FDB680047DB06 /* PSDifference.hpp */,
				C57353F1218FE7920047DB06 /* PSExclusion.cpp */,
				C57353F2218FE7920047DB06 /* PSExclusion.hpp */,
				C58B355121ED79280026F45C /* PSBlendType.hpp */,
				C58B355321ED7E590026F45C /* PSBlend.cpp */,
				C58B355421ED7E590026F45C /* PSBlend.hpp */,
			);
			path = Blend;
			sourceTree = "<group>";
		};
		C56B75172189E0A600480AE7 = {
			isa = PBXGroup;
			children = (
				C569BC6021EC988900A09BAC /* BlendResource */,
				C56B752C2189E28000480AE7 /* src */,
				C56B7538218A9B7400480AE7 /* Demo */,
				C56B75212189E0A600480AE7 /* Products */,
				C56B7554218AA2CE00480AE7 /* Frameworks */,
			);
			sourceTree = "<group>";
		};
		C56B75212189E0A600480AE7 /* Products */ = {
			isa = PBXGroup;
			children = (
				C56B75202189E0A600480AE7 /* libImageAlgorithmBase.a */,
				C56B7537218A9B7400480AE7 /* Demo.app */,
			);
			name = Products;
			sourceTree = "<group>";
		};
		C56B752C2189E28000480AE7 /* src */ = {
			isa = PBXGroup;
			children = (
				C5099757218B36CD001DD8B6 /* Blend */,
				C56B752D2189E28000480AE7 /* ImageLoader */,
			);
			path = src;
			sourceTree = "<group>";
		};
		C56B752D2189E28000480AE7 /* ImageLoader */ = {
			isa = PBXGroup;
			children = (
				C56B752E2189E28000480AE7 /* stb_image_write.h */,
				C56B752F2189E28000480AE7 /* stb_image.h */,
				C56B75302189E29E00480AE7 /* ImageLoader.cpp */,
				C56B75312189E29F00480AE7 /* ImageLoader.hpp */,
			);
			path = ImageLoader;
			sourceTree = "<group>";
		};
		C56B7538218A9B7400480AE7 /* Demo */ = {
			isa = PBXGroup;
			children = (
				C56B7539218A9B7400480AE7 /* AppDelegate.h */,
				C56B753A218A9B7400480AE7 /* AppDelegate.m */,
				C56B753C218A9B7400480AE7 /* ViewController.h */,
				C56B753D218A9B7400480AE7 /* ViewController.mm */,
				C56B7550218A9F0A00480AE7 /* UIImage+ImageData.h */,
				C56B754F218A9F0A00480AE7 /* UIImage+ImageData.mm */,
				C56B753F218A9B7400480AE7 /* Main.storyboard */,
				C56B7542218A9B7500480AE7 /* Assets.xcassets */,
				C56B7544218A9B7500480AE7 /* LaunchScreen.storyboard */,
				C56B7547218A9B7500480AE7 /* Info.plist */,
				C56B7548218A9B7500480AE7 /* main.m */,
				C56B754D218A9C3800480AE7 /* Resource */,
			);
			path = Demo;
			sourceTree = "<group>";
		};
		C56B7554218AA2CE00480AE7 /* Frameworks */ = {
			isa = PBXGroup;
			children = (
			);
			name = Frameworks;
			sourceTree = "<group>";
		};
/* End PBXGroup section */

/* Begin PBXHeadersBuildPhase section */
		C56B7556218AA2FF00480AE7 /* Headers */ = {
			isa = PBXHeadersBuildPhase;
			buildActionMask = 2147483647;
			files = (
				C57353F4218FE7920047DB06 /* PSExclusion.hpp in Headers */,
				C57353E7218FD6220047DB06 /* PSDarkerColor.hpp in Headers */,
				C509976E218C2291001DD8B6 /* PSLinearDodge.hpp in Headers */,
				C509975D218BF7E1001DD8B6 /* PSDefine.hpp in Headers */,
				C5099776218C3164001DD8B6 /* PSColorDodge.hpp in Headers */,
				C509977E218C34DB001DD8B6 /* PSScreen.hpp in Headers */,
				C57353EB218FD8610047DB06 /* PSLighterColor.hpp in Headers */,
				C509978E218C6FF4001DD8B6 /* PSVividLight.hpp in Headers */,
				C509975B218B3704001DD8B6 /* PSDissolve.hpp in Headers */,
				C58B355621ED7E590026F45C /* PSBlend.hpp in Headers */,
				C5099792218C7FBA001DD8B6 /* PSPinLight.hpp in Headers */,
				C5099796218C8377001DD8B6 /* PSLinearLight.hpp in Headers */,
				C57353EF218FDB680047DB06 /* PSDifference.hpp in Headers */,
				C5099786218C4509001DD8B6 /* PSSoftLight.hpp in Headers */,
				C58B355221ED79280026F45C /* PSBlendType.hpp in Headers */,
				C5099762218BFC2B001DD8B6 /* PSDarken.hpp in Headers */,
				C5099766218BFE56001DD8B6 /* PSLighten.hpp in Headers */,
				C56B7557218AA30A00480AE7 /* ImageLoader.hpp in Headers */,
				C5099782218C3A66001DD8B6 /* PSOverlay.hpp in Headers */,
				C5099772218C24B8001DD8B6 /* PSColorBurn.hpp in Headers */,
				C509976A218C1CAD001DD8B6 /* PSLinearBurn.hpp in Headers */,
				C509979A218C85A6001DD8B6 /* PSHardMix.hpp in Headers */,
				C509977A218C334B001DD8B6 /* PSMultiply.hpp in Headers */,
				C509978A218C6CE1001DD8B6 /* PSHardLight.hpp in Headers */,
			);
			runOnlyForDeploymentPostprocessing = 0;
		};
/* End PBXHeadersBuildPhase section */

/* Begin PBXNativeTarget section */
		C56B751F2189E0A600480AE7 /* ImageAlgorithmBase */ = {
			isa = PBXNativeTarget;
			buildConfigurationList = C56B75292189E0A600480AE7 /* Build configuration list for PBXNativeTarget "ImageAlgorithmBase" */;
			buildPhases = (
				C56B7556218AA2FF00480AE7 /* Headers */,
				C56B751C2189E0A600480AE7 /* Sources */,
				C56B751D2189E0A600480AE7 /* Frameworks */,
				C56B751E2189E0A600480AE7 /* CopyFiles */,
			);
			buildRules = (
			);
			dependencies = (
			);
			name = ImageAlgorithmBase;
			productName = ImageAlgorithmBase;
			productReference = C56B75202189E0A600480AE7 /* libImageAlgorithmBase.a */;
			productType = "com.apple.product-type.library.static";
		};
		C56B7536218A9B7400480AE7 /* Demo */ = {
			isa = PBXNativeTarget;
			buildConfigurationList = C56B754A218A9B7500480AE7 /* Build configuration list for PBXNativeTarget "Demo" */;
			buildPhases = (
				C56B7533218A9B7400480AE7 /* Sources */,
				C56B7534218A9B7400480AE7 /* Frameworks */,
				C56B7535218A9B7400480AE7 /* Resources */,
			);
			buildRules = (
			);
			dependencies = (
				C56B7553218AA2CA00480AE7 /* PBXTargetDependency */,
			);
			name = Demo;
			productName = Demo;
			productReference = C56B7537218A9B7400480AE7 /* Demo.app */;
			productType = "com.apple.product-type.application";
		};
/* End PBXNativeTarget section */

/* Begin PBXProject section */
		C56B75182189E0A600480AE7 /* Project object */ = {
			isa = PBXProject;
			attributes = {
				LastUpgradeCheck = 1000;
				ORGANIZATIONNAME = meitu;
				TargetAttributes = {
					C56B751F2189E0A600480AE7 = {
						CreatedOnToolsVersion = 10.0;
					};
					C56B7536218A9B7400480AE7 = {
						CreatedOnToolsVersion = 10.0;
					};
				};
			};
			buildConfigurationList = C56B751B2189E0A600480AE7 /* Build configuration list for PBXProject "ImageAlgorithmBase" */;
			compatibilityVersion = "Xcode 9.3";
			developmentRegion = en;
			hasScannedForEncodings = 0;
			knownRegions = (
				en,
				Base,
			);
			mainGroup = C56B75172189E0A600480AE7;
			productRefGroup = C56B75212189E0A600480AE7 /* Products */;
			projectDirPath = "";
			projectRoot = "";
			targets = (
				C56B751F2189E0A600480AE7 /* ImageAlgorithmBase */,
				C56B7536218A9B7400480AE7 /* Demo */,
			);
		};
/* End PBXProject section */

/* Begin PBXResourcesBuildPhase section */
		C56B7535218A9B7400480AE7 /* Resources */ = {
			isa = PBXResourcesBuildPhase;
			buildActionMask = 2147483647;
			files = (
				C569BC6121EC988900A09BAC /* BlendResource in Resources */,
				C56B754E218A9C3800480AE7 /* Resource in Resources */,
				C56B7546218A9B7500480AE7 /* LaunchScreen.storyboard in Resources */,
				C56B7543218A9B7500480AE7 /* Assets.xcassets in Resources */,
				C56B7541218A9B7400480AE7 /* Main.storyboard in Resources */,
			);
			runOnlyForDeploymentPostprocessing = 0;
		};
/* End PBXResourcesBuildPhase section */

/* Begin PBXSourcesBuildPhase section */
		C56B751C2189E0A600480AE7 /* Sources */ = {
			isa = PBXSourcesBuildPhase;
			buildActionMask = 2147483647;
			files = (
				C509977D218C34DB001DD8B6 /* PSScreen.cpp in Sources */,
				C5099771218C24B8001DD8B6 /* PSColorBurn.cpp in Sources */,
				C509978D218C6FF4001DD8B6 /* PSVividLight.cpp in Sources */,
				C5099765218BFE56001DD8B6 /* PSLighten.cpp in Sources */,
				C5099791218C7FBA001DD8B6 /* PSPinLight.cpp in Sources */,
				C5099761218BFC2B001DD8B6 /* PSDarken.cpp in Sources */,
				C56B75322189E29F00480AE7 /* ImageLoader.cpp in Sources */,
				C5099769218C1CAD001DD8B6 /* PSLinearBurn.cpp in Sources */,
				C5099795218C8377001DD8B6 /* PSLinearLight.cpp in Sources */,
				C5099779218C334B001DD8B6 /* PSMultiply.cpp in Sources */,
				C57353F3218FE7920047DB06 /* PSExclusion.cpp in Sources */,
				C5099785218C4509001DD8B6 /* PSSoftLight.cpp in Sources */,
				C509975A218B3704001DD8B6 /* PSDissolve.cpp in Sources */,
				C5099789218C6CE1001DD8B6 /* PSHardLight.cpp in Sources */,
				C58B355521ED7E590026F45C /* PSBlend.cpp in Sources */,
				C5099781218C3A66001DD8B6 /* PSOverlay.cpp in Sources */,
				C5099775218C3164001DD8B6 /* PSColorDodge.cpp in Sources */,
				C57353E6218FD6220047DB06 /* PSDarkerColor.cpp in Sources */,
				C5099799218C85A6001DD8B6 /* PSHardMix.cpp in Sources */,
				C509976D218C2291001DD8B6 /* PSLinearDodge.cpp in Sources */,
				C57353EA218FD8610047DB06 /* PSLighterColor.cpp in Sources */,
				C57353EE218FDB680047DB06 /* PSDifference.cpp in Sources */,
			);
			runOnlyForDeploymentPostprocessing = 0;
		};
		C56B7533218A9B7400480AE7 /* Sources */ = {
			isa = PBXSourcesBuildPhase;
			buildActionMask = 2147483647;
			files = (
				C56B753E218A9B7400480AE7 /* ViewController.mm in Sources */,
				C56B7551218A9F0A00480AE7 /* UIImage+ImageData.mm in Sources */,
				C56B7549218A9B7500480AE7 /* main.m in Sources */,
				C56B753B218A9B7400480AE7 /* AppDelegate.m in Sources */,
			);
			runOnlyForDeploymentPostprocessing = 0;
		};
/* End PBXSourcesBuildPhase section */

/* Begin PBXTargetDependency section */
		C56B7553218AA2CA00480AE7 /* PBXTargetDependency */ = {
			isa = PBXTargetDependency;
			target = C56B751F2189E0A600480AE7 /* ImageAlgorithmBase */;
			targetProxy = C56B7552218AA2CA00480AE7 /* PBXContainerItemProxy */;
		};
/* End PBXTargetDependency section */

/* Begin PBXVariantGroup section */
		C56B753F218A9B7400480AE7 /* Main.storyboard */ = {
			isa = PBXVariantGroup;
			children = (
				C56B7540218A9B7400480AE7 /* Base */,
			);
			name = Main.storyboard;
			sourceTree = "<group>";
		};
		C56B7544218A9B7500480AE7 /* LaunchScreen.storyboard */ = {
			isa = PBXVariantGroup;
			children = (
				C56B7545218A9B7500480AE7 /* Base */,
			);
			name = LaunchScreen.storyboard;
			sourceTree = "<group>";
		};
/* End PBXVariantGroup section */

/* Begin XCBuildConfiguration section */
		C56B75272189E0A600480AE7 /* Debug */ = {
			isa = XCBuildConfiguration;
			buildSettings = {
				ALWAYS_SEARCH_USER_PATHS = NO;
				CLANG_ANALYZER_NONNULL = YES;
				CLANG_ANALYZER_NUMBER_OBJECT_CONVERSION = YES_AGGRESSIVE;
				CLANG_CXX_LANGUAGE_STANDARD = "gnu++14";
				CLANG_CXX_LIBRARY = "libc++";
				CLANG_ENABLE_MODULES = YES;
				CLANG_ENABLE_OBJC_ARC = YES;
				CLANG_ENABLE_OBJC_WEAK = YES;
				CLANG_WARN_BLOCK_CAPTURE_AUTORELEASING = YES;
				CLANG_WARN_BOOL_CONVERSION = YES;
				CLANG_WARN_COMMA = YES;
				CLANG_WARN_CONSTANT_CONVERSION = YES;
				CLANG_WARN_DEPRECATED_OBJC_IMPLEMENTATIONS = YES;
				CLANG_WARN_DIRECT_OBJC_ISA_USAGE = YES_ERROR;
				CLANG_WARN_DOCUMENTATION_COMMENTS = YES;
				CLANG_WARN_EMPTY_BODY = YES;
				CLANG_WARN_ENUM_CONVERSION = YES;
				CLANG_WARN_INFINITE_RECURSION = YES;
				CLANG_WARN_INT_CONVERSION = YES;
				CLANG_WARN_NON_LITERAL_NULL_CONVERSION = YES;
				CLANG_WARN_OBJC_IMPLICIT_RETAIN_SELF = YES;
				CLANG_WARN_OBJC_LITERAL_CONVERSION = YES;
				CLANG_WARN_OBJC_ROOT_CLASS = YES_ERROR;
				CLANG_WARN_RANGE_LOOP_ANALYSIS = YES;
				CLANG_WARN_STRICT_PROTOTYPES = YES;
				CLANG_WARN_SUSPICIOUS_MOVE = YES;
				CLANG_WARN_UNGUARDED_AVAILABILITY = YES_AGGRESSIVE;
				CLANG_WARN_UNREACHABLE_CODE = YES;
				CLANG_WARN__DUPLICATE_METHOD_MATCH = YES;
				CODE_SIGN_IDENTITY = "iPhone Developer";
				COPY_PHASE_STRIP = NO;
				DEBUG_INFORMATION_FORMAT = dwarf;
				ENABLE_STRICT_OBJC_MSGSEND = YES;
				ENABLE_TESTABILITY = YES;
				GCC_C_LANGUAGE_STANDARD = gnu11;
				GCC_DYNAMIC_NO_PIC = NO;
				GCC_NO_COMMON_BLOCKS = YES;
				GCC_OPTIMIZATION_LEVEL = 0;
				GCC_PREPROCESSOR_DEFINITIONS = (
					"DEBUG=1",
					"$(inherited)",
				);
				GCC_WARN_64_TO_32_BIT_CONVERSION = YES;
				GCC_WARN_ABOUT_RETURN_TYPE = YES_ERROR;
				GCC_WARN_UNDECLARED_SELECTOR = YES;
				GCC_WARN_UNINITIALIZED_AUTOS = YES_AGGRESSIVE;
				GCC_WARN_UNUSED_FUNCTION = YES;
				GCC_WARN_UNUSED_VARIABLE = YES;
				IPHONEOS_DEPLOYMENT_TARGET = 12.0;
				MTL_ENABLE_DEBUG_INFO = INCLUDE_SOURCE;
				MTL_FAST_MATH = YES;
				ONLY_ACTIVE_ARCH = YES;
				SDKROOT = iphoneos;
			};
			name = Debug;
		};
		C56B75282189E0A600480AE7 /* Release */ = {
			isa = XCBuildConfiguration;
			buildSettings = {
				ALWAYS_SEARCH_USER_PATHS = NO;
				CLANG_ANALYZER_NONNULL = YES;
				CLANG_ANALYZER_NUMBER_OBJECT_CONVERSION = YES_AGGRESSIVE;
				CLANG_CXX_LANGUAGE_STANDARD = "gnu++14";
				CLANG_CXX_LIBRARY = "libc++";
				CLANG_ENABLE_MODULES = YES;
				CLANG_ENABLE_OBJC_ARC = YES;
				CLANG_ENABLE_OBJC_WEAK = YES;
				CLANG_WARN_BLOCK_CAPTURE_AUTORELEASING = YES;
				CLANG_WARN_BOOL_CONVERSION = YES;
				CLANG_WARN_COMMA = YES;
				CLANG_WARN_CONSTANT_CONVERSION = YES;
				CLANG_WARN_DEPRECATED_OBJC_IMPLEMENTATIONS = YES;
				CLANG_WARN_DIRECT_OBJC_ISA_USAGE = YES_ERROR;
				CLANG_WARN_DOCUMENTATION_COMMENTS = YES;
				CLANG_WARN_EMPTY_BODY = YES;
				CLANG_WARN_ENUM_CONVERSION = YES;
				CLANG_WARN_INFINITE_RECURSION = YES;
				CLANG_WARN_INT_CONVERSION = YES;
				CLANG_WARN_NON_LITERAL_NULL_CONVERSION = YES;
				CLANG_WARN_OBJC_IMPLICIT_RETAIN_SELF = YES;
				CLANG_WARN_OBJC_LITERAL_CONVERSION = YES;
				CLANG_WARN_OBJC_ROOT_CLASS = YES_ERROR;
				CLANG_WARN_RANGE_LOOP_ANALYSIS = YES;
				CLANG_WARN_STRICT_PROTOTYPES = YES;
				CLANG_WARN_SUSPICIOUS_MOVE = YES;
				CLANG_WARN_UNGUARDED_AVAILABILITY = YES_AGGRESSIVE;
				CLANG_WARN_UNREACHABLE_CODE = YES;
				CLANG_WARN__DUPLICATE_METHOD_MATCH = YES;
				CODE_SIGN_IDENTITY = "iPhone Developer";
				COPY_PHASE_STRIP = NO;
				DEBUG_INFORMATION_FORMAT = "dwarf-with-dsym";
				ENABLE_NS_ASSERTIONS = NO;
				ENABLE_STRICT_OBJC_MSGSEND = YES;
				GCC_C_LANGUAGE_STANDARD = gnu11;
				GCC_NO_COMMON_BLOCKS = YES;
				GCC_WARN_64_TO_32_BIT_CONVERSION = YES;
				GCC_WARN_ABOUT_RETURN_TYPE = YES_ERROR;
				GCC_WARN_UNDECLARED_SELECTOR = YES;
				GCC_WARN_UNINITIALIZED_AUTOS = YES_AGGRESSIVE;
				GCC_WARN_UNUSED_FUNCTION = YES;
				GCC_WARN_UNUSED_VARIABLE = YES;
				IPHONEOS_DEPLOYMENT_TARGET = 12.0;
				MTL_ENABLE_DEBUG_INFO = NO;
				MTL_FAST_MATH = YES;
				SDKROOT = iphoneos;
				VALIDATE_PRODUCT = YES;
			};
			name = Release;
		};
		C56B752A2189E0A600480AE7 /* Debug */ = {
			isa = XCBuildConfiguration;
			buildSettings = {
				CODE_SIGN_STYLE = Automatic;
				DEVELOPMENT_TEAM = 68A6PPJ4F3;
				IPHONEOS_DEPLOYMENT_TARGET = 9.0;
				OTHER_LDFLAGS = "-ObjC";
				PRODUCT_NAME = "$(TARGET_NAME)";
				SKIP_INSTALL = YES;
				TARGETED_DEVICE_FAMILY = "1,2";
			};
			name = Debug;
		};
		C56B752B2189E0A600480AE7 /* Release */ = {
			isa = XCBuildConfiguration;
			buildSettings = {
				CODE_SIGN_STYLE = Automatic;
				DEVELOPMENT_TEAM = 68A6PPJ4F3;
				IPHONEOS_DEPLOYMENT_TARGET = 9.0;
				OTHER_LDFLAGS = "-ObjC";
				PRODUCT_NAME = "$(TARGET_NAME)";
				SKIP_INSTALL = YES;
				TARGETED_DEVICE_FAMILY = "1,2";
			};
			name = Release;
		};
		C56B754B218A9B7500480AE7 /* Debug */ = {
			isa = XCBuildConfiguration;
			buildSettings = {
				ASSETCATALOG_COMPILER_APPICON_NAME = AppIcon;
				CODE_SIGN_STYLE = Manual;
				DEVELOPMENT_TEAM = PK4EEXA626;
				INFOPLIST_FILE = Demo/Info.plist;
				IPHONEOS_DEPLOYMENT_TARGET = 9.0;
				LD_RUNPATH_SEARCH_PATHS = (
					"$(inherited)",
					"@executable_path/Frameworks",
				);
				PRODUCT_BUNDLE_IDENTIFIER = com.meitu.Demo;
				PRODUCT_NAME = "$(TARGET_NAME)";
				PROVISIONING_PROFILE_SPECIFIER = "match Development *";
				TARGETED_DEVICE_FAMILY = "1,2";
			};
			name = Debug;
		};
		C56B754C218A9B7500480AE7 /* Release */ = {
			isa = XCBuildConfiguration;
			buildSettings = {
				ASSETCATALOG_COMPILER_APPICON_NAME = AppIcon;
				CODE_SIGN_STYLE = Manual;
				DEVELOPMENT_TEAM = PK4EEXA626;
				INFOPLIST_FILE = Demo/Info.plist;
				IPHONEOS_DEPLOYMENT_TARGET = 9.0;
				LD_RUNPATH_SEARCH_PATHS = (
					"$(inherited)",
					"@executable_path/Frameworks",
				);
				PRODUCT_BUNDLE_IDENTIFIER = com.meitu.Demo;
				PRODUCT_NAME = "$(TARGET_NAME)";
				PROVISIONING_PROFILE_SPECIFIER = "match Development *";
				TARGETED_DEVICE_FAMILY = "1,2";
			};
			name = Release;
		};
/* End XCBuildConfiguration section */

/* Begin XCConfigurationList section */
		C56B751B2189E0A600480AE7 /* Build configuration list for PBXProject "ImageAlgorithmBase" */ = {
			isa = XCConfigurationList;
			buildConfigurations = (
				C56B75272189E0A600480AE7 /* Debug */,
				C56B75282189E0A600480AE7 /* Release */,
			);
			defaultConfigurationIsVisible = 0;
			defaultConfigurationName = Release;
		};
		C56B75292189E0A600480AE7 /* Build configuration list for PBXNativeTarget "ImageAlgorithmBase" */ = {
			isa = XCConfigurationList;
			buildConfigurations = (
				C56B752A2189E0A600480AE7 /* Debug */,
				C56B752B2189E0A600480AE7 /* Release */,
			);
			defaultConfigurationIsVisible = 0;
			defaultConfigurationName = Release;
		};
		C56B754A218A9B7500480AE7 /* Build configuration list for PBXNativeTarget "Demo" */ = {
			isa = XCConfigurationList;
			buildConfigurations = (
				C56B754B218A9B7500480AE7 /* Debug */,
				C56B754C218A9B7500480AE7 /* Release */,
			);
			defaultConfigurationIsVisible = 0;
			defaultConfigurationName = Release;
		};
/* End XCConfigurationList section */
	};
	rootObject = C56B75182189E0A600480AE7 /* Project object */;
}
